{
  "name": "centerpack",
  "version": "1.4.0",
  "lockfileVersion": 2,
  "requires": true,
  "packages": {
    "": {
      "name": "centerpack",
      "version": "1.4.0",
      "license": "ISC",
      "dependencies": {
        "ondash": "^1.0.0"
      }
    },
    "node_modules/ondash": {
      "version": "1.0.0",
      "resolved": "https://registry.npmjs.org/ondash/-/ondash-1.0.0.tgz",
      "integrity": "sha512-A4g0D4UKWVp0gm4xa6NbZx14t/CScZgZNvaGwthg1D2ywlt0DtNqGLcdq1q3jlTxd0yB8htBcNnGxORthaP/vQ=="
    }
  },
  "dependencies": {
    "ondash": {
      "version": "1.0.0",
      "resolved": "https://registry.npmjs.org/ondash/-/ondash-1.0.0.tgz",
      "integrity": "sha512-A4g0D4UKWVp0gm4xa6NbZx14t/CScZgZNvaGwthg1D2ywlt0DtNqGLcdq1q3jlTxd0yB8htBcNnGxORthaP/vQ=="
    }
  }
}
